{
  "name": "semester-1-endgame",
  "version": "0.0.0",
  "lockfileVersion": 1,
  "requires": true,
  "dependencies": {
    "vuetify": {
      "version": "2.2.33",
      "resolved": "https://registry.npmjs.org/vuetify/-/vuetify-2.2.33.tgz",
      "integrity": "sha512-MvyEISdInPpgehiScXCBDdmPHLliHtNYrjRKmWNKLzW3NGnbm9cMeWRXE48q4QjskRwST6g2HDMzyUgWVuC7wA=="
    }
  }
}
